
Microsoft Visual Studio Solution File, Format Version 12.00
# Visual Studio 15
VisualStudioVersion = 15.0.28307.902
MinimumVisualStudioVersion = 10.0.40219.1
Project("{00D1A9C2-B5F0-4AF3-8072-F6C62B433612}") = "Database1", "Database1\Database1.sqlproj", "{520EE126-9E94-425E-B7DA-D6006D6CDAF0}"
EndProject
Global
	GlobalSection(SolutionConfigurationPlatforms) = preSolution
		Debug|Any CPU = Debug|Any CPU
		Release|Any CPU = Release|Any CPU
	EndGlobalSection
	GlobalSection(ProjectConfigurationPlatforms) = postSolution
		{520EE126-9E94-425E-B7DA-D6006D6CDAF0}.Debug|Any CPU.ActiveCfg = Debug|Any CPU
		{520EE126-9E94-425E-B7DA-D6006D6CDAF0}.Debug|Any CPU.Build.0 = Debug|Any CPU
		{520EE126-9E94-425E-B7DA-D6006D6CDAF0}.Debug|Any CPU.Deploy.0 = Debug|Any CPU
		{520EE126-9E94-425E-B7DA-D6006D6CDAF0}.Release|Any CPU.ActiveCfg = Release|Any CPU
		{520EE126-9E94-425E-B7DA-D6006D6CDAF0}.Release|Any CPU.Build.0 = Release|Any CPU
		{520EE126-9E94-425E-B7DA-D6006D6CDAF0}.Release|Any CPU.Deploy.0 = Release|Any CPU
	EndGlobalSection
	GlobalSection(SolutionProperties) = preSolution
		HideSolutionNode = FALSE
	EndGlobalSection
	GlobalSection(ExtensibilityGlobals) = postSolution
		SolutionGuid = {7453F6D4-04A1-43CB-8D22-255E712D6D70}
	EndGlobalSection
EndGlobal
